
Microsoft Visual Studio Solution File, Format Version 12.00
# Visual Studio Version 17
VisualStudioVersion = 17.4.33213.308
MinimumVisualStudioVersion = 10.0.40219.1
Project("{FAE04EC0-301F-11D3-BF4B-00C04F79EFBC}") = "ApisEjmploApp", "ApisEjmploApp.csproj", "{60127BBC-F1E1-47E7-86A6-6CAA04C2F5EC}"
EndProject
Global
	GlobalSection(SolutionConfigurationPlatforms) = preSolution
		Debug|Any CPU = Debug|Any CPU
		Release|Any CPU = Release|Any CPU
	EndGlobalSection
	GlobalSection(ProjectConfigurationPlatforms) = postSolution
		{60127BBC-F1E1-47E7-86A6-6CAA04C2F5EC}.Debug|Any CPU.ActiveCfg = Debug|Any CPU
		{60127BBC-F1E1-47E7-86A6-6CAA04C2F5EC}.Debug|Any CPU.Build.0 = Debug|Any CPU
		{60127BBC-F1E1-47E7-86A6-6CAA04C2F5EC}.Release|Any CPU.ActiveCfg = Release|Any CPU
		{60127BBC-F1E1-47E7-86A6-6CAA04C2F5EC}.Release|Any CPU.Build.0 = Release|Any CPU
	EndGlobalSection
	GlobalSection(SolutionProperties) = preSolution
		HideSolutionNode = FALSE
	EndGlobalSection
	GlobalSection(ExtensibilityGlobals) = postSolution
		SolutionGuid = {8D574796-029B-432F-89B7-963D23822D93}
	EndGlobalSection
EndGlobal
